
Microsoft Visual Studio Solution File, Format Version 12.00
# Visual Studio Version 16
VisualStudioVersion = 16.0.31729.503
MinimumVisualStudioVersion = 10.0.40219.1
Project("{00D1A9C2-B5F0-4AF3-8072-F6C62B433612}") = "CAR_DEALERSHIP_OLAP1", "CAR_DEALERSHIP_OLAP1.sqlproj", "{8DA4C200-43F9-4CE0-9F3D-0578C3B87B8E}"
EndProject
Global
	GlobalSection(SolutionConfigurationPlatforms) = preSolution
		Debug|Any CPU = Debug|Any CPU
		Release|Any CPU = Release|Any CPU
	EndGlobalSection
	GlobalSection(ProjectConfigurationPlatforms) = postSolution
		{8DA4C200-43F9-4CE0-9F3D-0578C3B87B8E}.Debug|Any CPU.ActiveCfg = Debug|Any CPU
		{8DA4C200-43F9-4CE0-9F3D-0578C3B87B8E}.Debug|Any CPU.Build.0 = Debug|Any CPU
		{8DA4C200-43F9-4CE0-9F3D-0578C3B87B8E}.Debug|Any CPU.Deploy.0 = Debug|Any CPU
		{8DA4C200-43F9-4CE0-9F3D-0578C3B87B8E}.Release|Any CPU.ActiveCfg = Release|Any CPU
		{8DA4C200-43F9-4CE0-9F3D-0578C3B87B8E}.Release|Any CPU.Build.0 = Release|Any CPU
		{8DA4C200-43F9-4CE0-9F3D-0578C3B87B8E}.Release|Any CPU.Deploy.0 = Release|Any CPU
	EndGlobalSection
	GlobalSection(SolutionProperties) = preSolution
		HideSolutionNode = FALSE
	EndGlobalSection
	GlobalSection(ExtensibilityGlobals) = postSolution
		SolutionGuid = {8E19C642-B613-471B-9A29-63039BE7EE31}
	EndGlobalSection
EndGlobal
